
Microsoft Visual Studio Solution File, Format Version 12.00
# Visual Studio Version 17
VisualStudioVersion = 17.6.33829.357
MinimumVisualStudioVersion = 10.0.40219.1
Project("{9A19103F-16F7-4668-BE54-9A1E7A4F7556}") = "Notes.Presentation", "Notes\Notes.Presentation.csproj", "{2E6003FE-D8E8-459B-B0A2-13F63A4784B8}"
EndProject
Project("{9A19103F-16F7-4668-BE54-9A1E7A4F7556}") = "Notes.Domain", "Notes.Domain\Notes.Domain.csproj", "{C17FAFFB-86BE-4251-BB79-B527EC76771E}"
EndProject
Project("{9A19103F-16F7-4668-BE54-9A1E7A4F7556}") = "Notes.BusinessLogic", "Notes.BusinessLogic\Notes.BusinessLogic.csproj", "{E93727F6-D70A-4CB4-B564-D5345D971A6E}"
EndProject
Project("{9A19103F-16F7-4668-BE54-9A1E7A4F7556}") = "Notes.Repository", "Notes.Repository\Notes.Repository.csproj", "{AEBF9541-9B5E-499B-ACC3-664161D23E18}"
EndProject
Project("{9A19103F-16F7-4668-BE54-9A1E7A4F7556}") = "Notes.BusinessLogic.Abstraction", "Notes.BusinessLogic.Abstraction\Notes.BusinessLogic.Abstraction.csproj", "{F82FCF4F-52EA-4E98-A100-6829A3642110}"
EndProject
Project("{E53339B2-1760-4266-BCC7-CA923CBCF16C}") = "docker-compose", "docker-compose.dcproj", "{7AA3D1B6-59DB-456B-BDD2-D4C2504F9A4D}"
EndProject
Project("{9A19103F-16F7-4668-BE54-9A1E7A4F7556}") = "Notes.Repository.Abstraction", "Notes.Repository.Abstraction\Notes.Repository.Abstraction.csproj", "{5240CF68-2EB6-4BD2-83B6-323D6CCA9BF9}"
EndProject
Project("{9A19103F-16F7-4668-BE54-9A1E7A4F7556}") = "Migrator", "Migrator\Migrator.csproj", "{912CF3C9-4D44-413B-8757-A3B2F301C609}"
EndProject
Global
	GlobalSection(SolutionConfigurationPlatforms) = preSolution
		Debug|Any CPU = Debug|Any CPU
		Release|Any CPU = Release|Any CPU
	EndGlobalSection
	GlobalSection(ProjectConfigurationPlatforms) = postSolution
		{2E6003FE-D8E8-459B-B0A2-13F63A4784B8}.Debug|Any CPU.ActiveCfg = Debug|Any CPU
		{2E6003FE-D8E8-459B-B0A2-13F63A4784B8}.Debug|Any CPU.Build.0 = Debug|Any CPU
		{2E6003FE-D8E8-459B-B0A2-13F63A4784B8}.Release|Any CPU.ActiveCfg = Release|Any CPU
		{2E6003FE-D8E8-459B-B0A2-13F63A4784B8}.Release|Any CPU.Build.0 = Release|Any CPU
		{C17FAFFB-86BE-4251-BB79-B527EC76771E}.Debug|Any CPU.ActiveCfg = Debug|Any CPU
		{C17FAFFB-86BE-4251-BB79-B527EC76771E}.Debug|Any CPU.Build.0 = Debug|Any CPU
		{C17FAFFB-86BE-4251-BB79-B527EC76771E}.Release|Any CPU.ActiveCfg = Release|Any CPU
		{C17FAFFB-86BE-4251-BB79-B527EC76771E}.Release|Any CPU.Build.0 = Release|Any CPU
		{E93727F6-D70A-4CB4-B564-D5345D971A6E}.Debug|Any CPU.ActiveCfg = Debug|Any CPU
		{E93727F6-D70A-4CB4-B564-D5345D971A6E}.Debug|Any CPU.Build.0 = Debug|Any CPU
		{E93727F6-D70A-4CB4-B564-D5345D971A6E}.Release|Any CPU.ActiveCfg = Release|Any CPU
		{E93727F6-D70A-4CB4-B564-D5345D971A6E}.Release|Any CPU.Build.0 = Release|Any CPU
		{AEBF9541-9B5E-499B-ACC3-664161D23E18}.Debug|Any CPU.ActiveCfg = Debug|Any CPU
		{AEBF9541-9B5E-499B-ACC3-664161D23E18}.Debug|Any CPU.Build.0 = Debug|Any CPU
		{AEBF9541-9B5E-499B-ACC3-664161D23E18}.Release|Any CPU.ActiveCfg = Release|Any CPU
		{AEBF9541-9B5E-499B-ACC3-664161D23E18}.Release|Any CPU.Build.0 = Release|Any CPU
		{F82FCF4F-52EA-4E98-A100-6829A3642110}.Debug|Any CPU.ActiveCfg = Debug|Any CPU
		{F82FCF4F-52EA-4E98-A100-6829A3642110}.Debug|Any CPU.Build.0 = Debug|Any CPU
		{F82FCF4F-52EA-4E98-A100-6829A3642110}.Release|Any CPU.ActiveCfg = Release|Any CPU
		{F82FCF4F-52EA-4E98-A100-6829A3642110}.Release|Any CPU.Build.0 = Release|Any CPU
		{7AA3D1B6-59DB-456B-BDD2-D4C2504F9A4D}.Debug|Any CPU.ActiveCfg = Debug|Any CPU
		{7AA3D1B6-59DB-456B-BDD2-D4C2504F9A4D}.Debug|Any CPU.Build.0 = Debug|Any CPU
		{7AA3D1B6-59DB-456B-BDD2-D4C2504F9A4D}.Release|Any CPU.ActiveCfg = Release|Any CPU
		{7AA3D1B6-59DB-456B-BDD2-D4C2504F9A4D}.Release|Any CPU.Build.0 = Release|Any CPU
		{5240CF68-2EB6-4BD2-83B6-323D6CCA9BF9}.Debug|Any CPU.ActiveCfg = Debug|Any CPU
		{5240CF68-2EB6-4BD2-83B6-323D6CCA9BF9}.Debug|Any CPU.Build.0 = Debug|Any CPU
		{5240CF68-2EB6-4BD2-83B6-323D6CCA9BF9}.Release|Any CPU.ActiveCfg = Release|Any CPU
		{5240CF68-2EB6-4BD2-83B6-323D6CCA9BF9}.Release|Any CPU.Build.0 = Release|Any CPU
		{912CF3C9-4D44-413B-8757-A3B2F301C609}.Debug|Any CPU.ActiveCfg = Debug|Any CPU
		{912CF3C9-4D44-413B-8757-A3B2F301C609}.Debug|Any CPU.Build.0 = Debug|Any CPU
		{912CF3C9-4D44-413B-8757-A3B2F301C609}.Release|Any CPU.ActiveCfg = Release|Any CPU
		{912CF3C9-4D44-413B-8757-A3B2F301C609}.Release|Any CPU.Build.0 = Release|Any CPU
	EndGlobalSection
	GlobalSection(SolutionProperties) = preSolution
		HideSolutionNode = FALSE
	EndGlobalSection
	GlobalSection(ExtensibilityGlobals) = postSolution
		SolutionGuid = {A50189C3-994D-4C41-B5CA-8B10C8DEB7AF}
	EndGlobalSection
EndGlobal
